
Microsoft Visual Studio Solution File, Format Version 12.00
# Visual Studio Version 16
VisualStudioVersion = 16.0.28803.352
MinimumVisualStudioVersion = 10.0.40219.1
Project("{FAE04EC0-301F-11D3-BF4B-00C04F79EFBC}") = "ProjektPO", "ProjektPO.csproj", "{2A5209A6-2FDA-42A7-8BD5-DFE1D14E8A14}"
EndProject
Project("{FAE04EC0-301F-11D3-BF4B-00C04F79EFBC}") = "GUI_Admina", "..\GUI_Admina\GUI_Admina.csproj", "{CC3432BB-5059-4845-9DE8-A4BD3C85813B}"
EndProject
Project("{FAE04EC0-301F-11D3-BF4B-00C04F79EFBC}") = "OknoOceniania", "..\OknoOceniania\OknoOceniania.csproj", "{BC35AB8C-B1C4-4695-8F6A-9C7442564454}"
EndProject
Global
	GlobalSection(SolutionConfigurationPlatforms) = preSolution
		Debug|Any CPU = Debug|Any CPU
		Release|Any CPU = Release|Any CPU
	EndGlobalSection
	GlobalSection(ProjectConfigurationPlatforms) = postSolution
		{2A5209A6-2FDA-42A7-8BD5-DFE1D14E8A14}.Debug|Any CPU.ActiveCfg = Debug|Any CPU
		{2A5209A6-2FDA-42A7-8BD5-DFE1D14E8A14}.Debug|Any CPU.Build.0 = Debug|Any CPU
		{2A5209A6-2FDA-42A7-8BD5-DFE1D14E8A14}.Release|Any CPU.ActiveCfg = Release|Any CPU
		{2A5209A6-2FDA-42A7-8BD5-DFE1D14E8A14}.Release|Any CPU.Build.0 = Release|Any CPU
		{CC3432BB-5059-4845-9DE8-A4BD3C85813B}.Debug|Any CPU.ActiveCfg = Debug|Any CPU
		{CC3432BB-5059-4845-9DE8-A4BD3C85813B}.Debug|Any CPU.Build.0 = Debug|Any CPU
		{CC3432BB-5059-4845-9DE8-A4BD3C85813B}.Release|Any CPU.ActiveCfg = Release|Any CPU
		{CC3432BB-5059-4845-9DE8-A4BD3C85813B}.Release|Any CPU.Build.0 = Release|Any CPU
		{BC35AB8C-B1C4-4695-8F6A-9C7442564454}.Debug|Any CPU.ActiveCfg = Debug|Any CPU
		{BC35AB8C-B1C4-4695-8F6A-9C7442564454}.Debug|Any CPU.Build.0 = Debug|Any CPU
		{BC35AB8C-B1C4-4695-8F6A-9C7442564454}.Release|Any CPU.ActiveCfg = Release|Any CPU
		{BC35AB8C-B1C4-4695-8F6A-9C7442564454}.Release|Any CPU.Build.0 = Release|Any CPU
	EndGlobalSection
	GlobalSection(SolutionProperties) = preSolution
		HideSolutionNode = FALSE
	EndGlobalSection
	GlobalSection(ExtensibilityGlobals) = postSolution
		SolutionGuid = {9EB0AB0A-8783-4E65-933A-2569344EE9C0}
	EndGlobalSection
EndGlobal
